
Microsoft Visual Studio Solution File, Format Version 12.00
# Visual Studio 2017
Project("{FAE04EC0-301F-11D3-BF4B-00C04F79EFBC}") = "RC3-Sandbox", "RC3-Sandbox.csproj", "{0E2A27E0-F020-5D8A-EC93-DBCCE30806B8}"
EndProject
Global
	GlobalSection(SolutionConfigurationPlatforms) = preSolution
		Debug|Any CPU = Debug|Any CPU
		Release|Any CPU = Release|Any CPU
	EndGlobalSection
	GlobalSection(ProjectConfigurationPlatforms) = postSolution
		{0E2A27E0-F020-5D8A-EC93-DBCCE30806B8}.Debug|Any CPU.ActiveCfg = Debug|Any CPU
		{0E2A27E0-F020-5D8A-EC93-DBCCE30806B8}.Debug|Any CPU.Build.0 = Debug|Any CPU
		{0E2A27E0-F020-5D8A-EC93-DBCCE30806B8}.Release|Any CPU.ActiveCfg = Release|Any CPU
		{0E2A27E0-F020-5D8A-EC93-DBCCE30806B8}.Release|Any CPU.Build.0 = Release|Any CPU
	EndGlobalSection
	GlobalSection(SolutionProperties) = preSolution
		HideSolutionNode = FALSE
	EndGlobalSection
EndGlobal
